
Microsoft Visual Studio Solution File, Format Version 12.00
# Visual Studio Version 16
VisualStudioVersion = 16.0.32413.511
MinimumVisualStudioVersion = 10.0.40219.1
Project("{9A19103F-16F7-4668-BE54-9A1E7A4F7556}") = "EnhancedOasis", "EnhancedOasis.csproj", "{CB180AFA-26A9-4351-8D53-83D0A3961EEA}"
EndProject
Project("{FAE04EC0-301F-11D3-BF4B-00C04F79EFBC}") = "DataLibrary", "..\DataLibrary\DataLibrary.csproj", "{11081CFC-9531-4D6F-BB70-32FA26F7440C}"
EndProject
Global
	GlobalSection(SolutionConfigurationPlatforms) = preSolution
		Debug|Any CPU = Debug|Any CPU
		Release|Any CPU = Release|Any CPU
	EndGlobalSection
	GlobalSection(ProjectConfigurationPlatforms) = postSolution
		{CB180AFA-26A9-4351-8D53-83D0A3961EEA}.Debug|Any CPU.ActiveCfg = Debug|Any CPU
		{CB180AFA-26A9-4351-8D53-83D0A3961EEA}.Debug|Any CPU.Build.0 = Debug|Any CPU
		{CB180AFA-26A9-4351-8D53-83D0A3961EEA}.Release|Any CPU.ActiveCfg = Release|Any CPU
		{CB180AFA-26A9-4351-8D53-83D0A3961EEA}.Release|Any CPU.Build.0 = Release|Any CPU
		{11081CFC-9531-4D6F-BB70-32FA26F7440C}.Debug|Any CPU.ActiveCfg = Debug|Any CPU
		{11081CFC-9531-4D6F-BB70-32FA26F7440C}.Debug|Any CPU.Build.0 = Debug|Any CPU
		{11081CFC-9531-4D6F-BB70-32FA26F7440C}.Release|Any CPU.ActiveCfg = Release|Any CPU
		{11081CFC-9531-4D6F-BB70-32FA26F7440C}.Release|Any CPU.Build.0 = Release|Any CPU
	EndGlobalSection
	GlobalSection(SolutionProperties) = preSolution
		HideSolutionNode = FALSE
	EndGlobalSection
	GlobalSection(ExtensibilityGlobals) = postSolution
		SolutionGuid = {289C740C-D01D-4BB2-92F2-E928A0641423}
	EndGlobalSection
EndGlobal
